
Microsoft Visual Studio Solution File, Format Version 12.00
# Visual Studio 2012
Project("{FAE04EC0-301F-11D3-BF4B-00C04F79EFBC}") = "test", "test\test.csproj", "{7A2316B3-F987-4816-BFBC-DC3C139188AE}"
EndProject
Global
	GlobalSection(SolutionConfigurationPlatforms) = preSolution
		Debug|Any CPU = Debug|Any CPU
		Release|Any CPU = Release|Any CPU
	EndGlobalSection
	GlobalSection(ProjectConfigurationPlatforms) = postSolution
		{7A2316B3-F987-4816-BFBC-DC3C139188AE}.Debug|Any CPU.ActiveCfg = Debug|Any CPU
		{7A2316B3-F987-4816-BFBC-DC3C139188AE}.Debug|Any CPU.Build.0 = Debug|Any CPU
		{7A2316B3-F987-4816-BFBC-DC3C139188AE}.Release|Any CPU.ActiveCfg = Release|Any CPU
		{7A2316B3-F987-4816-BFBC-DC3C139188AE}.Release|Any CPU.Build.0 = Release|Any CPU
	EndGlobalSection
	GlobalSection(SolutionProperties) = preSolution
		HideSolutionNode = FALSE
	EndGlobalSection
EndGlobal
